
Microsoft Visual Studio Solution File, Format Version 12.00
# Visual Studio 14
VisualStudioVersion = 14.0.23107.0
MinimumVisualStudioVersion = 10.0.40219.1
Project("{FAE04EC0-301F-11D3-BF4B-00C04F79EFBC}") = "EPiRestrictMultiple", "Source\EPiRestrictMultiple\EPiRestrictMultiple.csproj", "{0E5D7C05-E77D-485B-A7A0-D7077CE7C662}"
EndProject
Project("{FAE04EC0-301F-11D3-BF4B-00C04F79EFBC}") = "EPiRestrictMultiple.Sample", "Sample\EPiRestrictMultiple.Sample\EPiRestrictMultiple.Sample.csproj", "{7096C2C4-A9E2-4D10-8329-943313E7986A}"
EndProject
Project("{FAE04EC0-301F-11D3-BF4B-00C04F79EFBC}") = "EPiRestrictMultiple.Test", "Test\EPiRestrictMultiple.Test\EPiRestrictMultiple.Test.csproj", "{15722142-7432-4972-A641-EA3D07855581}"
EndProject
Global
	GlobalSection(SolutionConfigurationPlatforms) = preSolution
		Debug|Any CPU = Debug|Any CPU
		Release|Any CPU = Release|Any CPU
	EndGlobalSection
	GlobalSection(ProjectConfigurationPlatforms) = postSolution
		{0E5D7C05-E77D-485B-A7A0-D7077CE7C662}.Debug|Any CPU.ActiveCfg = Debug|Any CPU
		{0E5D7C05-E77D-485B-A7A0-D7077CE7C662}.Debug|Any CPU.Build.0 = Debug|Any CPU
		{0E5D7C05-E77D-485B-A7A0-D7077CE7C662}.Release|Any CPU.ActiveCfg = Release|Any CPU
		{0E5D7C05-E77D-485B-A7A0-D7077CE7C662}.Release|Any CPU.Build.0 = Release|Any CPU
		{7096C2C4-A9E2-4D10-8329-943313E7986A}.Debug|Any CPU.ActiveCfg = Debug|Any CPU
		{7096C2C4-A9E2-4D10-8329-943313E7986A}.Debug|Any CPU.Build.0 = Debug|Any CPU
		{7096C2C4-A9E2-4D10-8329-943313E7986A}.Release|Any CPU.ActiveCfg = Release|Any CPU
		{7096C2C4-A9E2-4D10-8329-943313E7986A}.Release|Any CPU.Build.0 = Release|Any CPU
		{15722142-7432-4972-A641-EA3D07855581}.Debug|Any CPU.ActiveCfg = Debug|Any CPU
		{15722142-7432-4972-A641-EA3D07855581}.Debug|Any CPU.Build.0 = Debug|Any CPU
		{15722142-7432-4972-A641-EA3D07855581}.Release|Any CPU.ActiveCfg = Release|Any CPU
		{15722142-7432-4972-A641-EA3D07855581}.Release|Any CPU.Build.0 = Release|Any CPU
	EndGlobalSection
	GlobalSection(SolutionProperties) = preSolution
		HideSolutionNode = FALSE
	EndGlobalSection
EndGlobal
